
Microsoft Visual Studio Solution File, Format Version 12.00
# Visual Studio Version 16
VisualStudioVersion = 16.0.32002.261
MinimumVisualStudioVersion = 10.0.40219.1
Project("{8BC9CEB8-8B4A-11D0-8D11-00A0C91BC942}") = "01", "Hello_World\Hello_World.vcxproj", "{F3A65CEE-B634-41A0-8B7E-D9B4125A57B6}"
EndProject
Project("{8BC9CEB8-8B4A-11D0-8D11-00A0C91BC942}") = "02", "variable\variable.vcxproj", "{668119A7-5DA8-4262-BE93-B3BD31097D2B}"
EndProject
Project("{8BC9CEB8-8B4A-11D0-8D11-00A0C91BC942}") = "03", "03\03.vcxproj", "{7B4EC241-77E3-45C8-B00F-9D5890D4A35E}"
EndProject
Project("{8BC9CEB8-8B4A-11D0-8D11-00A0C91BC942}") = "2_5", "2_5\2_5.vcxproj", "{7F487492-BEA4-4925-883B-A44E578E04A8}"
EndProject
Project("{8BC9CEB8-8B4A-11D0-8D11-00A0C91BC942}") = "2_6", "2_6\2_6.vcxproj", "{019B8ADE-361E-4831-96F7-60C68BBE70BE}"
EndProject
Project("{8BC9CEB8-8B4A-11D0-8D11-00A0C91BC942}") = "2_7_01", "2_7_01\2_7_01.vcxproj", "{5BF58ABE-F578-421E-9AB2-D3668B7BD0AF}"
EndProject
Project("{8BC9CEB8-8B4A-11D0-8D11-00A0C91BC942}") = "2_7_02", "2_7_02\2_7_02.vcxproj", "{5594D7C8-266F-4CB9-BD16-2119FDAD7AFC}"
EndProject
Project("{8BC9CEB8-8B4A-11D0-8D11-00A0C91BC942}") = "2_8_1", "2_8_1\2_8_1.vcxproj", "{2A64836A-9041-4DF0-B756-0F4B1C4A9F59}"
EndProject
Project("{8BC9CEB8-8B4A-11D0-8D11-00A0C91BC942}") = "2_9_1", "2_9_!\2_9_!.vcxproj", "{9B77F2B9-D319-4605-ACA5-9BD7893C1D36}"
EndProject
Project("{8BC9CEB8-8B4A-11D0-8D11-00A0C91BC942}") = "2_9_2", "2_9_2\2_9_2.vcxproj", "{10A6C028-08EF-4379-BC12-50DB729CFC8D}"
EndProject
Project("{8BC9CEB8-8B4A-11D0-8D11-00A0C91BC942}") = "2_9_3", "2_9_3\2_9_3.vcxproj", "{E48C7DB6-B31B-4B37-993E-72B2342E0A07}"
EndProject
Project("{8BC9CEB8-8B4A-11D0-8D11-00A0C91BC942}") = "p58_01", "p58_01\p58_01.vcxproj", "{68DFB441-7F5A-4769-973F-657F237D2A4F}"
EndProject
Project("{8BC9CEB8-8B4A-11D0-8D11-00A0C91BC942}") = "p58_02", "p58_02\p58_02.vcxproj", "{C6D92B40-E323-43F8-9B19-A991053047BA}"
EndProject
Project("{8BC9CEB8-8B4A-11D0-8D11-00A0C91BC942}") = "p60", "p60\p60.vcxproj", "{0F95BE53-DA8C-4CFD-BDC3-B84796EA1CD6}"
EndProject
Project("{8BC9CEB8-8B4A-11D0-8D11-00A0C91BC942}") = "p72", "p72\p72.vcxproj", "{0133C2E6-2DC4-4532-A96D-36B2BDF599FE}"
EndProject
Project("{8BC9CEB8-8B4A-11D0-8D11-00A0C91BC942}") = "p73", "p73\p73.vcxproj", "{08A7390D-5234-4325-BABE-EDEB33DA275F}"
EndProject
Project("{8BC9CEB8-8B4A-11D0-8D11-00A0C91BC942}") = "p74", "p74\p74.vcxproj", "{12FA7654-320A-44ED-8721-40AB383BA146}"
EndProject
Project("{8BC9CEB8-8B4A-11D0-8D11-00A0C91BC942}") = "p76", "p76\p76.vcxproj", "{C24FB4BE-CE3D-44D0-8979-51A0816C4D6C}"
EndProject
Project("{8BC9CEB8-8B4A-11D0-8D11-00A0C91BC942}") = "p77", "p77\p77.vcxproj", "{95C3C36E-AF4A-4C88-AD1A-E6AFD98C484F}"
EndProject
Project("{8BC9CEB8-8B4A-11D0-8D11-00A0C91BC942}") = "p78", "p78\p78.vcxproj", "{253BD3D2-FFA6-40C4-BFA5-5FEEFB50EC17}"
EndProject
Project("{8BC9CEB8-8B4A-11D0-8D11-00A0C91BC942}") = "p81", "p81\p81.vcxproj", "{31689705-3D1A-430F-A965-6AC4FEE58BDE}"
EndProject
Project("{8BC9CEB8-8B4A-11D0-8D11-00A0C91BC942}") = "p83", "p83\p83.vcxproj", "{4E7A6869-D0B2-4C00-BBB3-51823305D263}"
EndProject
Project("{8BC9CEB8-8B4A-11D0-8D11-00A0C91BC942}") = "p84", "p84\p84.vcxproj", "{3CA44592-8F7A-4944-8DD5-09F4AECFE80C}"
EndProject
Project("{8BC9CEB8-8B4A-11D0-8D11-00A0C91BC942}") = "p86", "p86\p86.vcxproj", "{E0E66D51-0887-4733-9C66-BC50BE7E4C64}"
EndProject
Project("{8BC9CEB8-8B4A-11D0-8D11-00A0C91BC942}") = "p89", "p89\p89.vcxproj", "{E51DFB7A-5E88-4CAF-A3AE-17B53419808A}"
EndProject
Project("{8BC9CEB8-8B4A-11D0-8D11-00A0C91BC942}") = "p90", "p90\p90.vcxproj", "{824A06DC-19BD-4AD7-862B-83B99513D568}"
EndProject
Project("{8BC9CEB8-8B4A-11D0-8D11-00A0C91BC942}") = "p91", "p91\p91.vcxproj", "{AE9CAE51-4C96-4134-998E-A5260C96063E}"
EndProject
Project("{8BC9CEB8-8B4A-11D0-8D11-00A0C91BC942}") = "p95", "p95\p95.vcxproj", "{D8D59A98-99DD-4AB4-9920-489E86C1ACB0}"
EndProject
Project("{8BC9CEB8-8B4A-11D0-8D11-00A0C91BC942}") = "p96", "p96\p96.vcxproj", "{A4629D80-4927-4B7F-837C-4EFAB3A222FC}"
EndProject
Project("{8BC9CEB8-8B4A-11D0-8D11-00A0C91BC942}") = "p97_Re", "p97_Re\p97_Re.vcxproj", "{A7D803CC-5DB3-4BE3-86D9-32B5D11C95AB}"
EndProject
Project("{8BC9CEB8-8B4A-11D0-8D11-00A0C91BC942}") = "p98", "p98\p98.vcxproj", "{D754FF6E-B7DA-415E-AC96-41BD2D6941B1}"
EndProject
Project("{8BC9CEB8-8B4A-11D0-8D11-00A0C91BC942}") = "p99", "p99\p99.vcxproj", "{99FCC15F-8BF0-47A6-8042-E4301EE7415B}"
EndProject
Project("{8BC9CEB8-8B4A-11D0-8D11-00A0C91BC942}") = "p100", "p100\p100.vcxproj", "{10D0B83C-57D0-4F22-B8A3-C6AC3BE2C161}"
EndProject
Project("{8BC9CEB8-8B4A-11D0-8D11-00A0C91BC942}") = "p102", "p102\p102.vcxproj", "{20888967-0A7A-4700-977F-0DBD114C4F1A}"
EndProject
Project("{8BC9CEB8-8B4A-11D0-8D11-00A0C91BC942}") = "p104", "p104\p104.vcxproj", "{BE5914D8-CEB6-4A27-A29F-F1C10C252DD8}"
EndProject
Project("{8BC9CEB8-8B4A-11D0-8D11-00A0C91BC942}") = "p106", "p106\p106.vcxproj", "{458739C5-668F-44B7-BC56-415946AA1C53}"
EndProject
Project("{8BC9CEB8-8B4A-11D0-8D11-00A0C91BC942}") = "p112", "p112\p112.vcxproj", "{D3798CFF-99B7-4521-9DDA-D584EED0381C}"
EndProject
Global
	GlobalSection(SolutionConfigurationPlatforms) = preSolution
		Debug|Any CPU = Debug|Any CPU
		Debug|x64 = Debug|x64
		Debug|x86 = Debug|x86
		Release|Any CPU = Release|Any CPU
		Release|x64 = Release|x64
		Release|x86 = Release|x86
	EndGlobalSection
	GlobalSection(ProjectConfigurationPlatforms) = postSolution
		{F3A65CEE-B634-41A0-8B7E-D9B4125A57B6}.Debug|Any CPU.ActiveCfg = Debug|Win32
		{F3A65CEE-B634-41A0-8B7E-D9B4125A57B6}.Debug|x64.ActiveCfg = Debug|x64
		{F3A65CEE-B634-41A0-8B7E-D9B4125A57B6}.Debug|x64.Build.0 = Debug|x64
		{F3A65CEE-B634-41A0-8B7E-D9B4125A57B6}.Debug|x86.ActiveCfg = Debug|Win32
		{F3A65CEE-B634-41A0-8B7E-D9B4125A57B6}.Debug|x86.Build.0 = Debug|Win32
		{F3A65CEE-B634-41A0-8B7E-D9B4125A57B6}.Release|Any CPU.ActiveCfg = Release|Win32
		{F3A65CEE-B634-41A0-8B7E-D9B4125A57B6}.Release|x64.ActiveCfg = Release|x64
		{F3A65CEE-B634-41A0-8B7E-D9B4125A57B6}.Release|x64.Build.0 = Release|x64
		{F3A65CEE-B634-41A0-8B7E-D9B4125A57B6}.Release|x86.ActiveCfg = Release|Win32
		{F3A65CEE-B634-41A0-8B7E-D9B4125A57B6}.Release|x86.Build.0 = Release|Win32
		{668119A7-5DA8-4262-BE93-B3BD31097D2B}.Debug|Any CPU.ActiveCfg = Debug|Win32
		{668119A7-5DA8-4262-BE93-B3BD31097D2B}.Debug|x64.ActiveCfg = Debug|x64
		{668119A7-5DA8-4262-BE93-B3BD31097D2B}.Debug|x64.Build.0 = Debug|x64
		{668119A7-5DA8-4262-BE93-B3BD31097D2B}.Debug|x86.ActiveCfg = Debug|Win32
		{668119A7-5DA8-4262-BE93-B3BD31097D2B}.Debug|x86.Build.0 = Debug|Win32
		{668119A7-5DA8-4262-BE93-B3BD31097D2B}.Release|Any CPU.ActiveCfg = Release|Win32
		{668119A7-5DA8-4262-BE93-B3BD31097D2B}.Release|x64.ActiveCfg = Release|x64
		{668119A7-5DA8-4262-BE93-B3BD31097D2B}.Release|x64.Build.0 = Release|x64
		{668119A7-5DA8-4262-BE93-B3BD31097D2B}.Release|x86.ActiveCfg = Release|Win32
		{668119A7-5DA8-4262-BE93-B3BD31097D2B}.Release|x86.Build.0 = Release|Win32
		{7B4EC241-77E3-45C8-B00F-9D5890D4A35E}.Debug|Any CPU.ActiveCfg = Debug|Win32
		{7B4EC241-77E3-45C8-B00F-9D5890D4A35E}.Debug|x64.ActiveCfg = Debug|x64
		{7B4EC241-77E3-45C8-B00F-9D5890D4A35E}.Debug|x64.Build.0 = Debug|x64
		{7B4EC241-77E3-45C8-B00F-9D5890D4A35E}.Debug|x86.ActiveCfg = Debug|Win32
		{7B4EC241-77E3-45C8-B00F-9D5890D4A35E}.Debug|x86.Build.0 = Debug|Win32
		{7B4EC241-77E3-45C8-B00F-9D5890D4A35E}.Release|Any CPU.ActiveCfg = Release|Win32
		{7B4EC241-77E3-45C8-B00F-9D5890D4A35E}.Release|x64.ActiveCfg = Release|x64
		{7B4EC241-77E3-45C8-B00F-9D5890D4A35E}.Release|x64.Build.0 = Release|x64
		{7B4EC241-77E3-45C8-B00F-9D5890D4A35E}.Release|x86.ActiveCfg = Release|Win32
		{7B4EC241-77E3-45C8-B00F-9D5890D4A35E}.Release|x86.Build.0 = Release|Win32
		{7F487492-BEA4-4925-883B-A44E578E04A8}.Debug|Any CPU.ActiveCfg = Debug|Win32
		{7F487492-BEA4-4925-883B-A44E578E04A8}.Debug|x64.ActiveCfg = Debug|x64
		{7F487492-BEA4-4925-883B-A44E578E04A8}.Debug|x64.Build.0 = Debug|x64
		{7F487492-BEA4-4925-883B-A44E578E04A8}.Debug|x86.ActiveCfg = Debug|Win32
		{7F487492-BEA4-4925-883B-A44E578E04A8}.Debug|x86.Build.0 = Debug|Win32
		{7F487492-BEA4-4925-883B-A44E578E04A8}.Release|Any CPU.ActiveCfg = Release|Win32
		{7F487492-BEA4-4925-883B-A44E578E04A8}.Release|x64.ActiveCfg = Release|x64
		{7F487492-BEA4-4925-883B-A44E578E04A8}.Release|x64.Build.0 = Release|x64
		{7F487492-BEA4-4925-883B-A44E578E04A8}.Release|x86.ActiveCfg = Release|Win32
		{7F487492-BEA4-4925-883B-A44E578E04A8}.Release|x86.Build.0 = Release|Win32
		{019B8ADE-361E-4831-96F7-60C68BBE70BE}.Debug|Any CPU.ActiveCfg = Debug|Win32
		{019B8ADE-361E-4831-96F7-60C68BBE70BE}.Debug|x64.ActiveCfg = Debug|x64
		{019B8ADE-361E-4831-96F7-60C68BBE70BE}.Debug|x64.Build.0 = Debug|x64
		{019B8ADE-361E-4831-96F7-60C68BBE70BE}.Debug|x86.ActiveCfg = Debug|Win32
		{019B8ADE-361E-4831-96F7-60C68BBE70BE}.Debug|x86.Build.0 = Debug|Win32
		{019B8ADE-361E-4831-96F7-60C68BBE70BE}.Release|Any CPU.ActiveCfg = Release|Win32
		{019B8ADE-361E-4831-96F7-60C68BBE70BE}.Release|x64.ActiveCfg = Release|x64
		{019B8ADE-361E-4831-96F7-60C68BBE70BE}.Release|x64.Build.0 = Release|x64
		{019B8ADE-361E-4831-96F7-60C68BBE70BE}.Release|x86.ActiveCfg = Release|Win32
		{019B8ADE-361E-4831-96F7-60C68BBE70BE}.Release|x86.Build.0 = Release|Win32
		{5BF58ABE-F578-421E-9AB2-D3668B7BD0AF}.Debug|Any CPU.ActiveCfg = Debug|Win32
		{5BF58ABE-F578-421E-9AB2-D3668B7BD0AF}.Debug|x64.ActiveCfg = Debug|x64
		{5BF58ABE-F578-421E-9AB2-D3668B7BD0AF}.Debug|x64.Build.0 = Debug|x64
		{5BF58ABE-F578-421E-9AB2-D3668B7BD0AF}.Debug|x86.ActiveCfg = Debug|Win32
		{5BF58ABE-F578-421E-9AB2-D3668B7BD0AF}.Debug|x86.Build.0 = Debug|Win32
		{5BF58ABE-F578-421E-9AB2-D3668B7BD0AF}.Release|Any CPU.ActiveCfg = Release|Win32
		{5BF58ABE-F578-421E-9AB2-D3668B7BD0AF}.Release|x64.ActiveCfg = Release|x64
		{5BF58ABE-F578-421E-9AB2-D3668B7BD0AF}.Release|x64.Build.0 = Release|x64
		{5BF58ABE-F578-421E-9AB2-D3668B7BD0AF}.Release|x86.ActiveCfg = Release|Win32
		{5BF58ABE-F578-421E-9AB2-D3668B7BD0AF}.Release|x86.Build.0 = Release|Win32
		{5594D7C8-266F-4CB9-BD16-2119FDAD7AFC}.Debug|Any CPU.ActiveCfg = Debug|Win32
		{5594D7C8-266F-4CB9-BD16-2119FDAD7AFC}.Debug|x64.ActiveCfg = Debug|x64
		{5594D7C8-266F-4CB9-BD16-2119FDAD7AFC}.Debug|x64.Build.0 = Debug|x64
		{5594D7C8-266F-4CB9-BD16-2119FDAD7AFC}.Debug|x86.ActiveCfg = Debug|Win32
		{5594D7C8-266F-4CB9-BD16-2119FDAD7AFC}.Debug|x86.Build.0 = Debug|Win32
		{5594D7C8-266F-4CB9-BD16-2119FDAD7AFC}.Release|Any CPU.ActiveCfg = Release|Win32
		{5594D7C8-266F-4CB9-BD16-2119FDAD7AFC}.Release|x64.ActiveCfg = Release|x64
		{5594D7C8-266F-4CB9-BD16-2119FDAD7AFC}.Release|x64.Build.0 = Release|x64
		{5594D7C8-266F-4CB9-BD16-2119FDAD7AFC}.Release|x86.ActiveCfg = Release|Win32
		{5594D7C8-266F-4CB9-BD16-2119FDAD7AFC}.Release|x86.Build.0 = Release|Win32
		{2A64836A-9041-4DF0-B756-0F4B1C4A9F59}.Debug|Any CPU.ActiveCfg = Debug|Win32
		{2A64836A-9041-4DF0-B756-0F4B1C4A9F59}.Debug|x64.ActiveCfg = Debug|x64
		{2A64836A-9041-4DF0-B756-0F4B1C4A9F59}.Debug|x64.Build.0 = Debug|x64
		{2A64836A-9041-4DF0-B756-0F4B1C4A9F59}.Debug|x86.ActiveCfg = Debug|Win32
		{2A64836A-9041-4DF0-B756-0F4B1C4A9F59}.Debug|x86.Build.0 = Debug|Win32
		{2A64836A-9041-4DF0-B756-0F4B1C4A9F59}.Release|Any CPU.ActiveCfg = Release|Win32
		{2A64836A-9041-4DF0-B756-0F4B1C4A9F59}.Release|x64.ActiveCfg = Release|x64
		{2A64836A-9041-4DF0-B756-0F4B1C4A9F59}.Release|x64.Build.0 = Release|x64
		{2A64836A-9041-4DF0-B756-0F4B1C4A9F59}.Release|x86.ActiveCfg = Release|Win32
		{2A64836A-9041-4DF0-B756-0F4B1C4A9F59}.Release|x86.Build.0 = Release|Win32
		{9B77F2B9-D319-4605-ACA5-9BD7893C1D36}.Debug|Any CPU.ActiveCfg = Debug|Win32
		{9B77F2B9-D319-4605-ACA5-9BD7893C1D36}.Debug|x64.ActiveCfg = Debug|x64
		{9B77F2B9-D319-4605-ACA5-9BD7893C1D36}.Debug|x64.Build.0 = Debug|x64
		{9B77F2B9-D319-4605-ACA5-9BD7893C1D36}.Debug|x86.ActiveCfg = Debug|Win32
		{9B77F2B9-D319-4605-ACA5-9BD7893C1D36}.Debug|x86.Build.0 = Debug|Win32
		{9B77F2B9-D319-4605-ACA5-9BD7893C1D36}.Release|Any CPU.ActiveCfg = Release|Win32
		{9B77F2B9-D319-4605-ACA5-9BD7893C1D36}.Release|x64.ActiveCfg = Release|x64
		{9B77F2B9-D319-4605-ACA5-9BD7893C1D36}.Release|x64.Build.0 = Release|x64
		{9B77F2B9-D319-4605-ACA5-9BD7893C1D36}.Release|x86.ActiveCfg = Release|Win32
		{9B77F2B9-D319-4605-ACA5-9BD7893C1D36}.Release|x86.Build.0 = Release|Win32
		{10A6C028-08EF-4379-BC12-50DB729CFC8D}.Debug|Any CPU.ActiveCfg = Debug|Win32
		{10A6C028-08EF-4379-BC12-50DB729CFC8D}.Debug|x64.ActiveCfg = Debug|x64
		{10A6C028-08EF-4379-BC12-50DB729CFC8D}.Debug|x64.Build.0 = Debug|x64
		{10A6C028-08EF-4379-BC12-50DB729CFC8D}.Debug|x86.ActiveCfg = Debug|Win32
		{10A6C028-08EF-4379-BC12-50DB729CFC8D}.Debug|x86.Build.0 = Debug|Win32
		{10A6C028-08EF-4379-BC12-50DB729CFC8D}.Release|Any CPU.ActiveCfg = Release|Win32
		{10A6C028-08EF-4379-BC12-50DB729CFC8D}.Release|x64.ActiveCfg = Release|x64
		{10A6C028-08EF-4379-BC12-50DB729CFC8D}.Release|x64.Build.0 = Release|x64
		{10A6C028-08EF-4379-BC12-50DB729CFC8D}.Release|x86.ActiveCfg = Release|Win32
		{10A6C028-08EF-4379-BC12-50DB729CFC8D}.Release|x86.Build.0 = Release|Win32
		{E48C7DB6-B31B-4B37-993E-72B2342E0A07}.Debug|Any CPU.ActiveCfg = Debug|Win32
		{E48C7DB6-B31B-4B37-993E-72B2342E0A07}.Debug|x64.ActiveCfg = Debug|x64
		{E48C7DB6-B31B-4B37-993E-72B2342E0A07}.Debug|x64.Build.0 = Debug|x64
		{E48C7DB6-B31B-4B37-993E-72B2342E0A07}.Debug|x86.ActiveCfg = Debug|Win32
		{E48C7DB6-B31B-4B37-993E-72B2342E0A07}.Debug|x86.Build.0 = Debug|Win32
		{E48C7DB6-B31B-4B37-993E-72B2342E0A07}.Release|Any CPU.ActiveCfg = Release|Win32
		{E48C7DB6-B31B-4B37-993E-72B2342E0A07}.Release|x64.ActiveCfg = Release|x64
		{E48C7DB6-B31B-4B37-993E-72B2342E0A07}.Release|x64.Build.0 = Release|x64
		{E48C7DB6-B31B-4B37-993E-72B2342E0A07}.Release|x86.ActiveCfg = Release|Win32
		{E48C7DB6-B31B-4B37-993E-72B2342E0A07}.Release|x86.Build.0 = Release|Win32
		{68DFB441-7F5A-4769-973F-657F237D2A4F}.Debug|Any CPU.ActiveCfg = Debug|Win32
		{68DFB441-7F5A-4769-973F-657F237D2A4F}.Debug|x64.ActiveCfg = Debug|x64
		{68DFB441-7F5A-4769-973F-657F237D2A4F}.Debug|x64.Build.0 = Debug|x64
		{68DFB441-7F5A-4769-973F-657F237D2A4F}.Debug|x86.ActiveCfg = Debug|Win32
		{68DFB441-7F5A-4769-973F-657F237D2A4F}.Debug|x86.Build.0 = Debug|Win32
		{68DFB441-7F5A-4769-973F-657F237D2A4F}.Release|Any CPU.ActiveCfg = Release|Win32
		{68DFB441-7F5A-4769-973F-657F237D2A4F}.Release|x64.ActiveCfg = Release|x64
		{68DFB441-7F5A-4769-973F-657F237D2A4F}.Release|x64.Build.0 = Release|x64
		{68DFB441-7F5A-4769-973F-657F237D2A4F}.Release|x86.ActiveCfg = Release|Win32
		{68DFB441-7F5A-4769-973F-657F237D2A4F}.Release|x86.Build.0 = Release|Win32
		{C6D92B40-E323-43F8-9B19-A991053047BA}.Debug|Any CPU.ActiveCfg = Debug|Win32
		{C6D92B40-E323-43F8-9B19-A991053047BA}.Debug|x64.ActiveCfg = Debug|x64
		{C6D92B40-E323-43F8-9B19-A991053047BA}.Debug|x64.Build.0 = Debug|x64
		{C6D92B40-E323-43F8-9B19-A991053047BA}.Debug|x86.ActiveCfg = Debug|Win32
		{C6D92B40-E323-43F8-9B19-A991053047BA}.Debug|x86.Build.0 = Debug|Win32
		{C6D92B40-E323-43F8-9B19-A991053047BA}.Release|Any CPU.ActiveCfg = Release|Win32
		{C6D92B40-E323-43F8-9B19-A991053047BA}.Release|x64.ActiveCfg = Release|x64
		{C6D92B40-E323-43F8-9B19-A991053047BA}.Release|x64.Build.0 = Release|x64
		{C6D92B40-E323-43F8-9B19-A991053047BA}.Release|x86.ActiveCfg = Release|Win32
		{C6D92B40-E323-43F8-9B19-A991053047BA}.Release|x86.Build.0 = Release|Win32
		{0F95BE53-DA8C-4CFD-BDC3-B84796EA1CD6}.Debug|Any CPU.ActiveCfg = Debug|Win32
		{0F95BE53-DA8C-4CFD-BDC3-B84796EA1CD6}.Debug|x64.ActiveCfg = Debug|x64
		{0F95BE53-DA8C-4CFD-BDC3-B84796EA1CD6}.Debug|x64.Build.0 = Debug|x64
		{0F95BE53-DA8C-4CFD-BDC3-B84796EA1CD6}.Debug|x86.ActiveCfg = Debug|Win32
		{0F95BE53-DA8C-4CFD-BDC3-B84796EA1CD6}.Debug|x86.Build.0 = Debug|Win32
		{0F95BE53-DA8C-4CFD-BDC3-B84796EA1CD6}.Release|Any CPU.ActiveCfg = Release|Win32
		{0F95BE53-DA8C-4CFD-BDC3-B84796EA1CD6}.Release|x64.ActiveCfg = Release|x64
		{0F95BE53-DA8C-4CFD-BDC3-B84796EA1CD6}.Release|x64.Build.0 = Release|x64
		{0F95BE53-DA8C-4CFD-BDC3-B84796EA1CD6}.Release|x86.ActiveCfg = Release|Win32
		{0F95BE53-DA8C-4CFD-BDC3-B84796EA1CD6}.Release|x86.Build.0 = Release|Win32
		{0133C2E6-2DC4-4532-A96D-36B2BDF599FE}.Debug|Any CPU.ActiveCfg = Debug|Win32
		{0133C2E6-2DC4-4532-A96D-36B2BDF599FE}.Debug|x64.ActiveCfg = Debug|x64
		{0133C2E6-2DC4-4532-A96D-36B2BDF599FE}.Debug|x64.Build.0 = Debug|x64
		{0133C2E6-2DC4-4532-A96D-36B2BDF599FE}.Debug|x86.ActiveCfg = Debug|Win32
		{0133C2E6-2DC4-4532-A96D-36B2BDF599FE}.Debug|x86.Build.0 = Debug|Win32
		{0133C2E6-2DC4-4532-A96D-36B2BDF599FE}.Release|Any CPU.ActiveCfg = Release|Win32
		{0133C2E6-2DC4-4532-A96D-36B2BDF599FE}.Release|x64.ActiveCfg = Release|x64
		{0133C2E6-2DC4-4532-A96D-36B2BDF599FE}.Release|x64.Build.0 = Release|x64
		{0133C2E6-2DC4-4532-A96D-36B2BDF599FE}.Release|x86.ActiveCfg = Release|Win32
		{0133C2E6-2DC4-4532-A96D-36B2BDF599FE}.Release|x86.Build.0 = Release|Win32
		{08A7390D-5234-4325-BABE-EDEB33DA275F}.Debug|Any CPU.ActiveCfg = Debug|Win32
		{08A7390D-5234-4325-BABE-EDEB33DA275F}.Debug|x64.ActiveCfg = Debug|x64
		{08A7390D-5234-4325-BABE-EDEB33DA275F}.Debug|x64.Build.0 = Debug|x64
		{08A7390D-5234-4325-BABE-EDEB33DA275F}.Debug|x86.ActiveCfg = Debug|Win32
		{08A7390D-5234-4325-BABE-EDEB33DA275F}.Debug|x86.Build.0 = Debug|Win32
		{08A7390D-5234-4325-BABE-EDEB33DA275F}.Release|Any CPU.ActiveCfg = Release|Win32
		{08A7390D-5234-4325-BABE-EDEB33DA275F}.Release|x64.ActiveCfg = Release|x64
		{08A7390D-5234-4325-BABE-EDEB33DA275F}.Release|x64.Build.0 = Release|x64
		{08A7390D-5234-4325-BABE-EDEB33DA275F}.Release|x86.ActiveCfg = Release|Win32
		{08A7390D-5234-4325-BABE-EDEB33DA275F}.Release|x86.Build.0 = Release|Win32
		{12FA7654-320A-44ED-8721-40AB383BA146}.Debug|Any CPU.ActiveCfg = Debug|Win32
		{12FA7654-320A-44ED-8721-40AB383BA146}.Debug|x64.ActiveCfg = Debug|x64
		{12FA7654-320A-44ED-8721-40AB383BA146}.Debug|x64.Build.0 = Debug|x64
		{12FA7654-320A-44ED-8721-40AB383BA146}.Debug|x86.ActiveCfg = Debug|Win32
		{12FA7654-320A-44ED-8721-40AB383BA146}.Debug|x86.Build.0 = Debug|Win32
		{12FA7654-320A-44ED-8721-40AB383BA146}.Release|Any CPU.ActiveCfg = Release|Win32
		{12FA7654-320A-44ED-8721-40AB383BA146}.Release|x64.ActiveCfg = Release|x64
		{12FA7654-320A-44ED-8721-40AB383BA146}.Release|x64.Build.0 = Release|x64
		{12FA7654-320A-44ED-8721-40AB383BA146}.Release|x86.ActiveCfg = Release|Win32
		{12FA7654-320A-44ED-8721-40AB383BA146}.Release|x86.Build.0 = Release|Win32
		{C24FB4BE-CE3D-44D0-8979-51A0816C4D6C}.Debug|Any CPU.ActiveCfg = Debug|Win32
		{C24FB4BE-CE3D-44D0-8979-51A0816C4D6C}.Debug|x64.ActiveCfg = Debug|x64
		{C24FB4BE-CE3D-44D0-8979-51A0816C4D6C}.Debug|x64.Build.0 = Debug|x64
		{C24FB4BE-CE3D-44D0-8979-51A0816C4D6C}.Debug|x86.ActiveCfg = Debug|Win32
		{C24FB4BE-CE3D-44D0-8979-51A0816C4D6C}.Debug|x86.Build.0 = Debug|Win32
		{C24FB4BE-CE3D-44D0-8979-51A0816C4D6C}.Release|Any CPU.ActiveCfg = Release|Win32
		{C24FB4BE-CE3D-44D0-8979-51A0816C4D6C}.Release|x64.ActiveCfg = Release|x64
		{C24FB4BE-CE3D-44D0-8979-51A0816C4D6C}.Release|x64.Build.0 = Release|x64
		{C24FB4BE-CE3D-44D0-8979-51A0816C4D6C}.Release|x86.ActiveCfg = Release|Win32
		{C24FB4BE-CE3D-44D0-8979-51A0816C4D6C}.Release|x86.Build.0 = Release|Win32
		{95C3C36E-AF4A-4C88-AD1A-E6AFD98C484F}.Debug|Any CPU.ActiveCfg = Debug|Win32
		{95C3C36E-AF4A-4C88-AD1A-E6AFD98C484F}.Debug|x64.ActiveCfg = Debug|x64
		{95C3C36E-AF4A-4C88-AD1A-E6AFD98C484F}.Debug|x64.Build.0 = Debug|x64
		{95C3C36E-AF4A-4C88-AD1A-E6AFD98C484F}.Debug|x86.ActiveCfg = Debug|Win32
		{95C3C36E-AF4A-4C88-AD1A-E6AFD98C484F}.Debug|x86.Build.0 = Debug|Win32
		{95C3C36E-AF4A-4C88-AD1A-E6AFD98C484F}.Release|Any CPU.ActiveCfg = Release|Win32
		{95C3C36E-AF4A-4C88-AD1A-E6AFD98C484F}.Release|x64.ActiveCfg = Release|x64
		{95C3C36E-AF4A-4C88-AD1A-E6AFD98C484F}.Release|x64.Build.0 = Release|x64
		{95C3C36E-AF4A-4C88-AD1A-E6AFD98C484F}.Release|x86.ActiveCfg = Release|Win32
		{95C3C36E-AF4A-4C88-AD1A-E6AFD98C484F}.Release|x86.Build.0 = Release|Win32
		{253BD3D2-FFA6-40C4-BFA5-5FEEFB50EC17}.Debug|Any CPU.ActiveCfg = Debug|Win32
		{253BD3D2-FFA6-40C4-BFA5-5FEEFB50EC17}.Debug|x64.ActiveCfg = Debug|x64
		{253BD3D2-FFA6-40C4-BFA5-5FEEFB50EC17}.Debug|x64.Build.0 = Debug|x64
		{253BD3D2-FFA6-40C4-BFA5-5FEEFB50EC17}.Debug|x86.ActiveCfg = Debug|Win32
		{253BD3D2-FFA6-40C4-BFA5-5FEEFB50EC17}.Debug|x86.Build.0 = Debug|Win32
		{253BD3D2-FFA6-40C4-BFA5-5FEEFB50EC17}.Release|Any CPU.ActiveCfg = Release|Win32
		{253BD3D2-FFA6-40C4-BFA5-5FEEFB50EC17}.Release|x64.ActiveCfg = Release|x64
		{253BD3D2-FFA6-40C4-BFA5-5FEEFB50EC17}.Release|x64.Build.0 = Release|x64
		{253BD3D2-FFA6-40C4-BFA5-5FEEFB50EC17}.Release|x86.ActiveCfg = Release|Win32
		{253BD3D2-FFA6-40C4-BFA5-5FEEFB50EC17}.Release|x86.Build.0 = Release|Win32
		{31689705-3D1A-430F-A965-6AC4FEE58BDE}.Debug|Any CPU.ActiveCfg = Debug|Win32
		{31689705-3D1A-430F-A965-6AC4FEE58BDE}.Debug|x64.ActiveCfg = Debug|x64
		{31689705-3D1A-430F-A965-6AC4FEE58BDE}.Debug|x64.Build.0 = Debug|x64
		{31689705-3D1A-430F-A965-6AC4FEE58BDE}.Debug|x86.ActiveCfg = Debug|Win32
		{31689705-3D1A-430F-A965-6AC4FEE58BDE}.Debug|x86.Build.0 = Debug|Win32
		{31689705-3D1A-430F-A965-6AC4FEE58BDE}.Release|Any CPU.ActiveCfg = Release|Win32
		{31689705-3D1A-430F-A965-6AC4FEE58BDE}.Release|x64.ActiveCfg = Release|x64
		{31689705-3D1A-430F-A965-6AC4FEE58BDE}.Release|x64.Build.0 = Release|x64
		{31689705-3D1A-430F-A965-6AC4FEE58BDE}.Release|x86.ActiveCfg = Release|Win32
		{31689705-3D1A-430F-A965-6AC4FEE58BDE}.Release|x86.Build.0 = Release|Win32
		{4E7A6869-D0B2-4C00-BBB3-51823305D263}.Debug|Any CPU.ActiveCfg = Debug|Win32
		{4E7A6869-D0B2-4C00-BBB3-51823305D263}.Debug|x64.ActiveCfg = Debug|x64
		{4E7A6869-D0B2-4C00-BBB3-51823305D263}.Debug|x64.Build.0 = Debug|x64
		{4E7A6869-D0B2-4C00-BBB3-51823305D263}.Debug|x86.ActiveCfg = Debug|Win32
		{4E7A6869-D0B2-4C00-BBB3-51823305D263}.Debug|x86.Build.0 = Debug|Win32
		{4E7A6869-D0B2-4C00-BBB3-51823305D263}.Release|Any CPU.ActiveCfg = Release|Win32
		{4E7A6869-D0B2-4C00-BBB3-51823305D263}.Release|x64.ActiveCfg = Release|x64
		{4E7A6869-D0B2-4C00-BBB3-51823305D263}.Release|x64.Build.0 = Release|x64
		{4E7A6869-D0B2-4C00-BBB3-51823305D263}.Release|x86.ActiveCfg = Release|Win32
		{4E7A6869-D0B2-4C00-BBB3-51823305D263}.Release|x86.Build.0 = Release|Win32
		{3CA44592-8F7A-4944-8DD5-09F4AECFE80C}.Debug|Any CPU.ActiveCfg = Debug|Win32
		{3CA44592-8F7A-4944-8DD5-09F4AECFE80C}.Debug|x64.ActiveCfg = Debug|x64
		{3CA44592-8F7A-4944-8DD5-09F4AECFE80C}.Debug|x64.Build.0 = Debug|x64
		{3CA44592-8F7A-4944-8DD5-09F4AECFE80C}.Debug|x86.ActiveCfg = Debug|Win32
		{3CA44592-8F7A-4944-8DD5-09F4AECFE80C}.Debug|x86.Build.0 = Debug|Win32
		{3CA44592-8F7A-4944-8DD5-09F4AECFE80C}.Release|Any CPU.ActiveCfg = Release|Win32
		{3CA44592-8F7A-4944-8DD5-09F4AECFE80C}.Release|x64.ActiveCfg = Release|x64
		{3CA44592-8F7A-4944-8DD5-09F4AECFE80C}.Release|x64.Build.0 = Release|x64
		{3CA44592-8F7A-4944-8DD5-09F4AECFE80C}.Release|x86.ActiveCfg = Release|Win32
		{3CA44592-8F7A-4944-8DD5-09F4AECFE80C}.Release|x86.Build.0 = Release|Win32
		{E0E66D51-0887-4733-9C66-BC50BE7E4C64}.Debug|Any CPU.ActiveCfg = Debug|Win32
		{E0E66D51-0887-4733-9C66-BC50BE7E4C64}.Debug|x64.ActiveCfg = Debug|x64
		{E0E66D51-0887-4733-9C66-BC50BE7E4C64}.Debug|x64.Build.0 = Debug|x64
		{E0E66D51-0887-4733-9C66-BC50BE7E4C64}.Debug|x86.ActiveCfg = Debug|Win32
		{E0E66D51-0887-4733-9C66-BC50BE7E4C64}.Debug|x86.Build.0 = Debug|Win32
		{E0E66D51-0887-4733-9C66-BC50BE7E4C64}.Release|Any CPU.ActiveCfg = Release|Win32
		{E0E66D51-0887-4733-9C66-BC50BE7E4C64}.Release|x64.ActiveCfg = Release|x64
		{E0E66D51-0887-4733-9C66-BC50BE7E4C64}.Release|x64.Build.0 = Release|x64
		{E0E66D51-0887-4733-9C66-BC50BE7E4C64}.Release|x86.ActiveCfg = Release|Win32
		{E0E66D51-0887-4733-9C66-BC50BE7E4C64}.Release|x86.Build.0 = Release|Win32
		{E51DFB7A-5E88-4CAF-A3AE-17B53419808A}.Debug|Any CPU.ActiveCfg = Debug|Win32
		{E51DFB7A-5E88-4CAF-A3AE-17B53419808A}.Debug|x64.ActiveCfg = Debug|x64
		{E51DFB7A-5E88-4CAF-A3AE-17B53419808A}.Debug|x64.Build.0 = Debug|x64
		{E51DFB7A-5E88-4CAF-A3AE-17B53419808A}.Debug|x86.ActiveCfg = Debug|Win32
		{E51DFB7A-5E88-4CAF-A3AE-17B53419808A}.Debug|x86.Build.0 = Debug|Win32
		{E51DFB7A-5E88-4CAF-A3AE-17B53419808A}.Release|Any CPU.ActiveCfg = Release|Win32
		{E51DFB7A-5E88-4CAF-A3AE-17B53419808A}.Release|x64.ActiveCfg = Release|x64
		{E51DFB7A-5E88-4CAF-A3AE-17B53419808A}.Release|x64.Build.0 = Release|x64
		{E51DFB7A-5E88-4CAF-A3AE-17B53419808A}.Release|x86.ActiveCfg = Release|Win32
		{E51DFB7A-5E88-4CAF-A3AE-17B53419808A}.Release|x86.Build.0 = Release|Win32
		{824A06DC-19BD-4AD7-862B-83B99513D568}.Debug|Any CPU.ActiveCfg = Debug|Win32
		{824A06DC-19BD-4AD7-862B-83B99513D568}.Debug|x64.ActiveCfg = Debug|x64
		{824A06DC-19BD-4AD7-862B-83B99513D568}.Debug|x64.Build.0 = Debug|x64
		{824A06DC-19BD-4AD7-862B-83B99513D568}.Debug|x86.ActiveCfg = Debug|Win32
		{824A06DC-19BD-4AD7-862B-83B99513D568}.Debug|x86.Build.0 = Debug|Win32
		{824A06DC-19BD-4AD7-862B-83B99513D568}.Release|Any CPU.ActiveCfg = Release|Win32
		{824A06DC-19BD-4AD7-862B-83B99513D568}.Release|x64.ActiveCfg = Release|x64
		{824A06DC-19BD-4AD7-862B-83B99513D568}.Release|x64.Build.0 = Release|x64
		{824A06DC-19BD-4AD7-862B-83B99513D568}.Release|x86.ActiveCfg = Release|Win32
		{824A06DC-19BD-4AD7-862B-83B99513D568}.Release|x86.Build.0 = Release|Win32
		{AE9CAE51-4C96-4134-998E-A5260C96063E}.Debug|Any CPU.ActiveCfg = Debug|Win32
		{AE9CAE51-4C96-4134-998E-A5260C96063E}.Debug|x64.ActiveCfg = Debug|x64
		{AE9CAE51-4C96-4134-998E-A5260C96063E}.Debug|x64.Build.0 = Debug|x64
		{AE9CAE51-4C96-4134-998E-A5260C96063E}.Debug|x86.ActiveCfg = Debug|Win32
		{AE9CAE51-4C96-4134-998E-A5260C96063E}.Debug|x86.Build.0 = Debug|Win32
		{AE9CAE51-4C96-4134-998E-A5260C96063E}.Release|Any CPU.ActiveCfg = Release|Win32
		{AE9CAE51-4C96-4134-998E-A5260C96063E}.Release|x64.ActiveCfg = Release|x64
		{AE9CAE51-4C96-4134-998E-A5260C96063E}.Release|x64.Build.0 = Release|x64
		{AE9CAE51-4C96-4134-998E-A5260C96063E}.Release|x86.ActiveCfg = Release|Win32
		{AE9CAE51-4C96-4134-998E-A5260C96063E}.Release|x86.Build.0 = Release|Win32
		{D8D59A98-99DD-4AB4-9920-489E86C1ACB0}.Debug|Any CPU.ActiveCfg = Debug|Win32
		{D8D59A98-99DD-4AB4-9920-489E86C1ACB0}.Debug|x64.ActiveCfg = Debug|x64
		{D8D59A98-99DD-4AB4-9920-489E86C1ACB0}.Debug|x64.Build.0 = Debug|x64
		{D8D59A98-99DD-4AB4-9920-489E86C1ACB0}.Debug|x86.ActiveCfg = Debug|Win32
		{D8D59A98-99DD-4AB4-9920-489E86C1ACB0}.Debug|x86.Build.0 = Debug|Win32
		{D8D59A98-99DD-4AB4-9920-489E86C1ACB0}.Release|Any CPU.ActiveCfg = Release|Win32
		{D8D59A98-99DD-4AB4-9920-489E86C1ACB0}.Release|x64.ActiveCfg = Release|x64
		{D8D59A98-99DD-4AB4-9920-489E86C1ACB0}.Release|x64.Build.0 = Release|x64
		{D8D59A98-99DD-4AB4-9920-489E86C1ACB0}.Release|x86.ActiveCfg = Release|Win32
		{D8D59A98-99DD-4AB4-9920-489E86C1ACB0}.Release|x86.Build.0 = Release|Win32
		{A4629D80-4927-4B7F-837C-4EFAB3A222FC}.Debug|Any CPU.ActiveCfg = Debug|Win32
		{A4629D80-4927-4B7F-837C-4EFAB3A222FC}.Debug|x64.ActiveCfg = Debug|x64
		{A4629D80-4927-4B7F-837C-4EFAB3A222FC}.Debug|x64.Build.0 = Debug|x64
		{A4629D80-4927-4B7F-837C-4EFAB3A222FC}.Debug|x86.ActiveCfg = Debug|Win32
		{A4629D80-4927-4B7F-837C-4EFAB3A222FC}.Debug|x86.Build.0 = Debug|Win32
		{A4629D80-4927-4B7F-837C-4EFAB3A222FC}.Release|Any CPU.ActiveCfg = Release|Win32
		{A4629D80-4927-4B7F-837C-4EFAB3A222FC}.Release|x64.ActiveCfg = Release|x64
		{A4629D80-4927-4B7F-837C-4EFAB3A222FC}.Release|x64.Build.0 = Release|x64
		{A4629D80-4927-4B7F-837C-4EFAB3A222FC}.Release|x86.ActiveCfg = Release|Win32
		{A4629D80-4927-4B7F-837C-4EFAB3A222FC}.Release|x86.Build.0 = Release|Win32
		{A7D803CC-5DB3-4BE3-86D9-32B5D11C95AB}.Debug|Any CPU.ActiveCfg = Debug|Win32
		{A7D803CC-5DB3-4BE3-86D9-32B5D11C95AB}.Debug|x64.ActiveCfg = Debug|x64
		{A7D803CC-5DB3-4BE3-86D9-32B5D11C95AB}.Debug|x64.Build.0 = Debug|x64
		{A7D803CC-5DB3-4BE3-86D9-32B5D11C95AB}.Debug|x86.ActiveCfg = Debug|Win32
		{A7D803CC-5DB3-4BE3-86D9-32B5D11C95AB}.Debug|x86.Build.0 = Debug|Win32
		{A7D803CC-5DB3-4BE3-86D9-32B5D11C95AB}.Release|Any CPU.ActiveCfg = Release|Win32
		{A7D803CC-5DB3-4BE3-86D9-32B5D11C95AB}.Release|x64.ActiveCfg = Release|x64
		{A7D803CC-5DB3-4BE3-86D9-32B5D11C95AB}.Release|x64.Build.0 = Release|x64
		{A7D803CC-5DB3-4BE3-86D9-32B5D11C95AB}.Release|x86.ActiveCfg = Release|Win32
		{A7D803CC-5DB3-4BE3-86D9-32B5D11C95AB}.Release|x86.Build.0 = Release|Win32
		{D754FF6E-B7DA-415E-AC96-41BD2D6941B1}.Debug|Any CPU.ActiveCfg = Debug|Win32
		{D754FF6E-B7DA-415E-AC96-41BD2D6941B1}.Debug|x64.ActiveCfg = Debug|x64
		{D754FF6E-B7DA-415E-AC96-41BD2D6941B1}.Debug|x64.Build.0 = Debug|x64
		{D754FF6E-B7DA-415E-AC96-41BD2D6941B1}.Debug|x86.ActiveCfg = Debug|Win32
		{D754FF6E-B7DA-415E-AC96-41BD2D6941B1}.Debug|x86.Build.0 = Debug|Win32
		{D754FF6E-B7DA-415E-AC96-41BD2D6941B1}.Release|Any CPU.ActiveCfg = Release|Win32
		{D754FF6E-B7DA-415E-AC96-41BD2D6941B1}.Release|x64.ActiveCfg = Release|x64
		{D754FF6E-B7DA-415E-AC96-41BD2D6941B1}.Release|x64.Build.0 = Release|x64
		{D754FF6E-B7DA-415E-AC96-41BD2D6941B1}.Release|x86.ActiveCfg = Release|Win32
		{D754FF6E-B7DA-415E-AC96-41BD2D6941B1}.Release|x86.Build.0 = Release|Win32
		{99FCC15F-8BF0-47A6-8042-E4301EE7415B}.Debug|Any CPU.ActiveCfg = Debug|Win32
		{99FCC15F-8BF0-47A6-8042-E4301EE7415B}.Debug|x64.ActiveCfg = Debug|x64
		{99FCC15F-8BF0-47A6-8042-E4301EE7415B}.Debug|x64.Build.0 = Debug|x64
		{99FCC15F-8BF0-47A6-8042-E4301EE7415B}.Debug|x86.ActiveCfg = Debug|Win32
		{99FCC15F-8BF0-47A6-8042-E4301EE7415B}.Debug|x86.Build.0 = Debug|Win32
		{99FCC15F-8BF0-47A6-8042-E4301EE7415B}.Release|Any CPU.ActiveCfg = Release|Win32
		{99FCC15F-8BF0-47A6-8042-E4301EE7415B}.Release|x64.ActiveCfg = Release|x64
		{99FCC15F-8BF0-47A6-8042-E4301EE7415B}.Release|x64.Build.0 = Release|x64
		{99FCC15F-8BF0-47A6-8042-E4301EE7415B}.Release|x86.ActiveCfg = Release|Win32
		{99FCC15F-8BF0-47A6-8042-E4301EE7415B}.Release|x86.Build.0 = Release|Win32
		{10D0B83C-57D0-4F22-B8A3-C6AC3BE2C161}.Debug|Any CPU.ActiveCfg = Debug|Win32
		{10D0B83C-57D0-4F22-B8A3-C6AC3BE2C161}.Debug|x64.ActiveCfg = Debug|x64
		{10D0B83C-57D0-4F22-B8A3-C6AC3BE2C161}.Debug|x64.Build.0 = Debug|x64
		{10D0B83C-57D0-4F22-B8A3-C6AC3BE2C161}.Debug|x86.ActiveCfg = Debug|Win32
		{10D0B83C-57D0-4F22-B8A3-C6AC3BE2C161}.Debug|x86.Build.0 = Debug|Win32
		{10D0B83C-57D0-4F22-B8A3-C6AC3BE2C161}.Release|Any CPU.ActiveCfg = Release|Win32
		{10D0B83C-57D0-4F22-B8A3-C6AC3BE2C161}.Release|x64.ActiveCfg = Release|x64
		{10D0B83C-57D0-4F22-B8A3-C6AC3BE2C161}.Release|x64.Build.0 = Release|x64
		{10D0B83C-57D0-4F22-B8A3-C6AC3BE2C161}.Release|x86.ActiveCfg = Release|Win32
		{10D0B83C-57D0-4F22-B8A3-C6AC3BE2C161}.Release|x86.Build.0 = Release|Win32
		{20888967-0A7A-4700-977F-0DBD114C4F1A}.Debug|Any CPU.ActiveCfg = Debug|Win32
		{20888967-0A7A-4700-977F-0DBD114C4F1A}.Debug|x64.ActiveCfg = Debug|x64
		{20888967-0A7A-4700-977F-0DBD114C4F1A}.Debug|x64.Build.0 = Debug|x64
		{20888967-0A7A-4700-977F-0DBD114C4F1A}.Debug|x86.ActiveCfg = Debug|Win32
		{20888967-0A7A-4700-977F-0DBD114C4F1A}.Debug|x86.Build.0 = Debug|Win32
		{20888967-0A7A-4700-977F-0DBD114C4F1A}.Release|Any CPU.ActiveCfg = Release|Win32
		{20888967-0A7A-4700-977F-0DBD114C4F1A}.Release|x64.ActiveCfg = Release|x64
		{20888967-0A7A-4700-977F-0DBD114C4F1A}.Release|x64.Build.0 = Release|x64
		{20888967-0A7A-4700-977F-0DBD114C4F1A}.Release|x86.ActiveCfg = Release|Win32
		{20888967-0A7A-4700-977F-0DBD114C4F1A}.Release|x86.Build.0 = Release|Win32
		{BE5914D8-CEB6-4A27-A29F-F1C10C252DD8}.Debug|Any CPU.ActiveCfg = Debug|Win32
		{BE5914D8-CEB6-4A27-A29F-F1C10C252DD8}.Debug|x64.ActiveCfg = Debug|x64
		{BE5914D8-CEB6-4A27-A29F-F1C10C252DD8}.Debug|x64.Build.0 = Debug|x64
		{BE5914D8-CEB6-4A27-A29F-F1C10C252DD8}.Debug|x86.ActiveCfg = Debug|Win32
		{BE5914D8-CEB6-4A27-A29F-F1C10C252DD8}.Debug|x86.Build.0 = Debug|Win32
		{BE5914D8-CEB6-4A27-A29F-F1C10C252DD8}.Release|Any CPU.ActiveCfg = Release|Win32
		{BE5914D8-CEB6-4A27-A29F-F1C10C252DD8}.Release|x64.ActiveCfg = Release|x64
		{BE5914D8-CEB6-4A27-A29F-F1C10C252DD8}.Release|x64.Build.0 = Release|x64
		{BE5914D8-CEB6-4A27-A29F-F1C10C252DD8}.Release|x86.ActiveCfg = Release|Win32
		{BE5914D8-CEB6-4A27-A29F-F1C10C252DD8}.Release|x86.Build.0 = Release|Win32
		{458739C5-668F-44B7-BC56-415946AA1C53}.Debug|Any CPU.ActiveCfg = Debug|Win32
		{458739C5-668F-44B7-BC56-415946AA1C53}.Debug|x64.ActiveCfg = Debug|x64
		{458739C5-668F-44B7-BC56-415946AA1C53}.Debug|x64.Build.0 = Debug|x64
		{458739C5-668F-44B7-BC56-415946AA1C53}.Debug|x86.ActiveCfg = Debug|Win32
		{458739C5-668F-44B7-BC56-415946AA1C53}.Debug|x86.Build.0 = Debug|Win32
		{458739C5-668F-44B7-BC56-415946AA1C53}.Release|Any CPU.ActiveCfg = Release|Win32
		{458739C5-668F-44B7-BC56-415946AA1C53}.Release|x64.ActiveCfg = Release|x64
		{458739C5-668F-44B7-BC56-415946AA1C53}.Release|x64.Build.0 = Release|x64
		{458739C5-668F-44B7-BC56-415946AA1C53}.Release|x86.ActiveCfg = Release|Win32
		{458739C5-668F-44B7-BC56-415946AA1C53}.Release|x86.Build.0 = Release|Win32
		{D3798CFF-99B7-4521-9DDA-D584EED0381C}.Debug|Any CPU.ActiveCfg = Debug|Win32
		{D3798CFF-99B7-4521-9DDA-D584EED0381C}.Debug|x64.ActiveCfg = Debug|x64
		{D3798CFF-99B7-4521-9DDA-D584EED0381C}.Debug|x64.Build.0 = Debug|x64
		{D3798CFF-99B7-4521-9DDA-D584EED0381C}.Debug|x86.ActiveCfg = Debug|Win32
		{D3798CFF-99B7-4521-9DDA-D584EED0381C}.Debug|x86.Build.0 = Debug|Win32
		{D3798CFF-99B7-4521-9DDA-D584EED0381C}.Release|Any CPU.ActiveCfg = Release|Win32
		{D3798CFF-99B7-4521-9DDA-D584EED0381C}.Release|x64.ActiveCfg = Release|x64
		{D3798CFF-99B7-4521-9DDA-D584EED0381C}.Release|x64.Build.0 = Release|x64
		{D3798CFF-99B7-4521-9DDA-D584EED0381C}.Release|x86.ActiveCfg = Release|Win32
		{D3798CFF-99B7-4521-9DDA-D584EED0381C}.Release|x86.Build.0 = Release|Win32
	EndGlobalSection
	GlobalSection(SolutionProperties) = preSolution
		HideSolutionNode = FALSE
	EndGlobalSection
	GlobalSection(ExtensibilityGlobals) = postSolution
		SolutionGuid = {C2F05A0A-B0B0-41BC-9B43-98CF3C940B20}
	EndGlobalSection
EndGlobal
